github.com/vladimirvivien/lil-ohm v0.0.0-20230731205718-d3f91e42b1a0 h1:Jo11hXRrWz2OoF3I7idT2/qpfskJ/PKzEXVNgkSUonI=
github.com/vladimirvivien/lil-ohm v0.0.0-20230731205718-d3f91e42b1a0/go.mod h1:jOVHpU++xwUXntWMBkALi2N8CyQ70HlD/Qs/r+iSRdQ=
github.com/vladimirvivien/lil-ohm v0.1.0 h1:puO7uKhkOX0BSWXSU93o1cFoKjffhNq+WkuKfikVqlI=
github.com/vladimirvivien/lil-ohm v0.1.0/go.mod h1:jOVHpU++xwUXntWMBkALi2N8CyQ70HlD/Qs/r+iSRdQ=
